<?xml version="1.0" encoding="utf-8"?>
<Project ToolsVersion="4.0" xmlns="http://schemas.microsoft.com/developer/msbuild/2003">
  <ItemGroup>
    <Filter Include="Source Files">
      <UniqueIdentifier>{4FC737F1-C7A5-4376-A066-2A32D752A2FF}</UniqueIdentifier>
      <Extensions>cpp;c;cc;cxx;def;odl;idl;hpj;bat;asm;asmx</Extensions>
    </Filter>
    <Filter Include="Header Files">
      <UniqueIdentifier>{93995380-89BD-4b04-88EB-625FBE52EBFB}</UniqueIdentifier>
      <Extensions>h;hh;hpp;hxx;hm;inl;inc;xsd</Extensions>
    </Filter>
    <Filter Include="Resource Files">
      <UniqueIdentifier>{67DA6AB6-F800-4c08-8B7A-83BB121AAD01}</UniqueIdentifier>
      <Extensions>rc;ico;cur;bmp;dlg;rc2;rct;bin;rgs;gif;jpg;jpeg;jpe;resx;tiff;tif;png;wav</Extensions>
    </Filter>
  </ItemGroup>
  <ItemGroup>
    <ClCompile Include="bin\main.c">
      <Filter>Source Files</Filter>
    </ClCompile>
    <ClCompile Include="bin\misc.c">
      <Filter>Source Files</Filter>
    </ClCompile>
    <ClCompile Include="bin\operation\environment.c">
      <Filter>Source Files</Filter>
    </ClCompile>
    <ClCompile Include="bin\operation\io.c">
      <Filter>Source Files</Filter>
    </ClCompile>
    <ClCompile Include="bin\operation\readline.c">
      <Filter>Source Files</Filter>
    </ClCompile>
    <ClCompile Include="bootstrap\binlib.c">
      <Filter>Source Files</Filter>
    </ClCompile>
    <ClCompile Include="bootstrap\stdlib.c">
      <Filter>Source Files</Filter>
    </ClCompile>
    <ClCompile Include="lib\nujel.c">
      <Filter>Source Files</Filter>
    </ClCompile>
    <ClCompile Include="lib\operations.c">
      <Filter>Source Files</Filter>
    </ClCompile>
    <ClCompile Include="lib\printer.c">
      <Filter>Source Files</Filter>
    </ClCompile>
    <ClCompile Include="lib\reader.c">
      <Filter>Source Files</Filter>
    </ClCompile>
    <ClCompile Include="lib\type-system.c">
      <Filter>Source Files</Filter>
    </ClCompile>
    <ClCompile Include="lib\allocation\allocator.c">
      <Filter>Source Files</Filter>
    </ClCompile>
    <ClCompile Include="lib\allocation\garbage-collection.c">
      <Filter>Source Files</Filter>
    </ClCompile>
    <ClCompile Include="lib\allocation\symbol.c">
      <Filter>Source Files</Filter>
    </ClCompile>
    <ClCompile Include="lib\operations\arithmetic.c">
      <Filter>Source Files</Filter>
    </ClCompile>
    <ClCompile Include="lib\operations\array.c">
      <Filter>Source Files</Filter>
    </ClCompile>
    <ClCompile Include="lib\operations\buffer.c">
      <Filter>Source Files</Filter>
    </ClCompile>
    <ClCompile Include="lib\operations\bytecode.c">
      <Filter>Source Files</Filter>
    </ClCompile>
    <ClCompile Include="lib\operations\core.c">
      <Filter>Source Files</Filter>
    </ClCompile>
    <ClCompile Include="lib\operations\special.c">
      <Filter>Source Files</Filter>
    </ClCompile>
    <ClCompile Include="lib\operations\string.c">
      <Filter>Source Files</Filter>
    </ClCompile>
    <ClCompile Include="lib\type\closure.c">
      <Filter>Source Files</Filter>
    </ClCompile>
    <ClCompile Include="lib\type\tree.c">
      <Filter>Source Files</Filter>
    </ClCompile>
    <ClCompile Include="lib\type\val.c">
      <Filter>Source Files</Filter>
    </ClCompile>
    <ClCompile Include="vendor\getline\getline.c">
      <Filter>Source Files</Filter>
    </ClCompile>
    <ClCompile Include="lib\compatibility.c">
      <Filter>Source Files</Filter>
    </ClCompile>
    <ClCompile Include="lib\vm.c">
      <Filter>Source Files</Filter>
    </ClCompile>
  </ItemGroup>
  <ItemGroup>
    <ClInclude Include="bin\private.h">
      <Filter>Header Files</Filter>
    </ClInclude>
    <ClInclude Include="lib\nujel-private.h">
      <Filter>Header Files</Filter>
    </ClInclude>
    <ClInclude Include="lib\nujel.h">
      <Filter>Header Files</Filter>
    </ClInclude>
    <ClInclude Include="lib\amalgamation\bin-prefix.h">
      <Filter>Header Files</Filter>
    </ClInclude>
    <ClInclude Include="lib\amalgamation\implementation-prefix.h">
      <Filter>Header Files</Filter>
    </ClInclude>
    <ClInclude Include="lib\amalgamation\implementation-suffix.h">
      <Filter>Header Files</Filter>
    </ClInclude>
    <ClInclude Include="lib\amalgamation\prefix.h">
      <Filter>Header Files</Filter>
    </ClInclude>
    <ClInclude Include="lib\amalgamation\suffix.h">
      <Filter>Header Files</Filter>
    </ClInclude>
  </ItemGroup>
  <ItemGroup>
    <None Include="web\report.html" />
    <None Include="web\shell.html" />
  </ItemGroup>
</Project>